# This file is autogenerated, do not edit; changes may be undone by the next 'dep ensure'.


[[projects]]
  name = "github.com/boltdb/bolt"
  packages = ["."]
  revision = "2f1ce7a837dcb8da3ec595b1dac9d0632f0f99e8"
  version = "v1.3.1"

[[projects]]
  name = "github.com/gorilla/websocket"
  packages = ["."]
  revision = "66b9c49e59c6c48f0ffce28c2d8b8a5678502c6d"
  version = "v1.4.0"

[[projects]]
  branch = "master"
  name = "golang.org/x/sys"
  packages = ["unix"]
  revision = "ad400b1274690a55531a013560dc08706088f82b"

[solve-meta]
  analyzer-name = "dep"
  analyzer-version = 1
  inputs-digest = "402eff256de301fb4cc5a765be3706061d0e65a5c382d8a7f1b16ae6c759daa4"
  solver-name = "gps-cdcl"
  solver-version = 1
